
Microsoft Visual Studio Solution File, Format Version 12.00
# Visual Studio 15
VisualStudioVersion = 15.0.28010.2046
MinimumVisualStudioVersion = 10.0.40219.1
Project("{FAE04EC0-301F-11D3-BF4B-00C04F79EFBC}") = "NativeAndroid", "NativeAndroid\NativeAndroid.csproj", "{97AFBE41-36ED-4B9A-88F3-576BB353C7FF}"
EndProject
Global
	GlobalSection(SolutionConfigurationPlatforms) = preSolution
		Debug|Any CPU = Debug|Any CPU
		Release|Any CPU = Release|Any CPU
	EndGlobalSection
	GlobalSection(ProjectConfigurationPlatforms) = postSolution
		{97AFBE41-36ED-4B9A-88F3-576BB353C7FF}.Debug|Any CPU.ActiveCfg = Debug|Any CPU
		{97AFBE41-36ED-4B9A-88F3-576BB353C7FF}.Debug|Any CPU.Build.0 = Debug|Any CPU
		{97AFBE41-36ED-4B9A-88F3-576BB353C7FF}.Debug|Any CPU.Deploy.0 = Debug|Any CPU
		{97AFBE41-36ED-4B9A-88F3-576BB353C7FF}.Release|Any CPU.ActiveCfg = Release|Any CPU
		{97AFBE41-36ED-4B9A-88F3-576BB353C7FF}.Release|Any CPU.Build.0 = Release|Any CPU
		{97AFBE41-36ED-4B9A-88F3-576BB353C7FF}.Release|Any CPU.Deploy.0 = Release|Any CPU
	EndGlobalSection
	GlobalSection(SolutionProperties) = preSolution
		HideSolutionNode = FALSE
	EndGlobalSection
	GlobalSection(ExtensibilityGlobals) = postSolution
		SolutionGuid = {122B6BD6-A337-4F00-B017-D1B6D9DEA200}
	EndGlobalSection
EndGlobal
